PODS:
  - Alamofire (4.7.3)
  - JingDataListManager (0.1.0):
    - JingDataNetwork
    - JingDataStateSwitch
    - MJRefresh (= 3.1.15.6)
  - JingDataNetwork (0.4.0):
    - Moya (~> 11.0)
    - ObjectMapper (~> 3.3)
    - RxCocoa (~> 4.0)
    - RxSwift (~> 4.0)
    - SwiftyJSON (~> 4.0)
  - JingDataPhoneScreen (0.2.0)
  - JingDataPodResourceLoader (0.2.0):
    - JingDataPhoneScreen
  - JingDataStateSwitch (0.1.0):
    - JingDataPodResourceLoader
  - MJRefresh (3.1.15.6)
  - Moya (11.0.2):
    - Moya/Core (= 11.0.2)
  - Moya/Core (11.0.2):
    - Alamofire (~> 4.1)
    - Result (~> 3.0)
  - ObjectMapper (3.3.0)
  - Result (3.2.4)
  - RxCocoa (4.2.0):
    - RxSwift (~> 4.0)
  - RxSwift (4.2.0)
  - SwiftyJSON (4.1.0)

DEPENDENCIES:
  - JingDataListManager (from `../`)

SPEC REPOS:
  "/Users/Tian/.cocoapods/repos/TZYSpecs":
    - JingDataNetwork
    - JingDataPhoneScreen
    - JingDataPodResourceLoader
    - JingDataStateSwitch
  https://github.com/cocoapods/specs.git:
    - Alamofire
    - MJRefresh
    - Moya
    - ObjectMapper
    - Result
    - RxCocoa
    - RxSwift
    - SwiftyJSON

EXTERNAL SOURCES:
  JingDataListManager:
    :path: "../"

SPEC CHECKSUMS:
  Alamofire: c7287b6e5d7da964a70935e5db17046b7fde6568
  JingDataListManager: 578e2f2e9fe0f16d1f5fb2e83a0c67bde2a7ffff
  JingDataNetwork: 03a0ce355ea58c73b37101da71d32b2b793c3c2c
  JingDataPhoneScreen: fdc4c9548664da6e8d0205a3ac146a5e51fe1164
  JingDataPodResourceLoader: aa322c7ba522aa70c5adb1001d64edbbd0cae4af
  JingDataStateSwitch: 9633235ddb17834e806bb88b6927b9c4bb367882
  MJRefresh: 0efa19656679d70a0f47cbe76e56c2271fe53a97
  Moya: a725035953bc1c0eb1be505ab903984501d82440
  ObjectMapper: b612bf8c8e99c4dc0bb6013a51f7c27966ed5da9
  Result: d2d07204ce72856f1fd9130bbe42c35a7b0fea10
  RxCocoa: 0b54909c902e1e581212a03e690bbd94032d8baa
  RxSwift: 99e10317ddfcc7fbe01356aafd118fde4a0be104
  SwiftyJSON: c29297daf073d2aa016295d5809cdd68045c39b3

PODFILE CHECKSUM: 5e5274aaeb7043c9292c8a5e18e82235533e97bc

COCOAPODS: 1.5.3
